
Microsoft Visual Studio Solution File, Format Version 12.00
# Visual Studio Version 17
VisualStudioVersion = 17.3.32811.315
MinimumVisualStudioVersion = 10.0.40219.1
Project("{FAE04EC0-301F-11D3-BF4B-00C04F79EFBC}") = "MinimalAPI", "MinimalAPI.csproj", "{DA21C767-DF95-4CF9-A62C-FAA8EDF9B52D}"
EndProject
Global
	GlobalSection(SolutionConfigurationPlatforms) = preSolution
		Debug|Any CPU = Debug|Any CPU
		Release|Any CPU = Release|Any CPU
	EndGlobalSection
	GlobalSection(ProjectConfigurationPlatforms) = postSolution
		{DA21C767-DF95-4CF9-A62C-FAA8EDF9B52D}.Debug|Any CPU.ActiveCfg = Debug|Any CPU
		{DA21C767-DF95-4CF9-A62C-FAA8EDF9B52D}.Debug|Any CPU.Build.0 = Debug|Any CPU
		{DA21C767-DF95-4CF9-A62C-FAA8EDF9B52D}.Release|Any CPU.ActiveCfg = Release|Any CPU
		{DA21C767-DF95-4CF9-A62C-FAA8EDF9B52D}.Release|Any CPU.Build.0 = Release|Any CPU
	EndGlobalSection
	GlobalSection(SolutionProperties) = preSolution
		HideSolutionNode = FALSE
	EndGlobalSection
	GlobalSection(ExtensibilityGlobals) = postSolution
		SolutionGuid = {081AEA9B-740A-4641-9F16-4E0968F3C31A}
	EndGlobalSection
EndGlobal
